
Microsoft Visual Studio Solution File, Format Version 12.00
# Visual Studio Version 17
VisualStudioVersion = 17.11.35431.28
MinimumVisualStudioVersion = 10.0.40219.1
Project("{2150E333-8FDC-42A3-9474-1A3956D46DE8}") = "src", "src", "{53380C22-3F9B-4ACD-A7C2-CEFBA668DC6D}"
EndProject
Project("{2150E333-8FDC-42A3-9474-1A3956D46DE8}") = "infra", "infra", "{0EA36505-8491-438F-A711-5412F422A262}"
EndProject
Project("{2150E333-8FDC-42A3-9474-1A3956D46DE8}") = "tests", "tests", "{4FC03683-4715-4238-9108-5DFA14E8184D}"
EndProject
Project("{2150E333-8FDC-42A3-9474-1A3956D46DE8}") = "docs", "docs", "{2D90D3F5-06E3-4034-A754-FA55BB82FEFD}"
EndProject
Project("{2150E333-8FDC-42A3-9474-1A3956D46DE8}") = "modules", "modules", "{DB22FF76-7189-4E98-862A-0097E8D6AE85}"
EndProject
Project("{2150E333-8FDC-42A3-9474-1A3956D46DE8}") = "Books", "Books", "{BBBE13B1-7207-470D-956B-006D23431382}"
EndProject
Project("{FAE04EC0-301F-11D3-BF4B-00C04F79EFBC}") = "Books.Business", "src\modules\Books\Books.Business\Books.Business.csproj", "{381C9CE2-3F6F-4C13-A3EC-FF59054C089B}"
EndProject
Project("{FAE04EC0-301F-11D3-BF4B-00C04F79EFBC}") = "Books.DataAccess", "src\modules\Books\Books.DataAccess\Books.DataAccess.csproj", "{70E3B73E-B53B-41FE-9A95-C5758612930B}"
EndProject
Project("{FAE04EC0-301F-11D3-BF4B-00C04F79EFBC}") = "Books.Entity", "src\modules\Books\Books.Entity\Books.Entity.csproj", "{9E75F717-ADBE-41D8-8F1B-4DBE26119DA5}"
EndProject
Project("{2150E333-8FDC-42A3-9474-1A3956D46DE8}") = "Messaging", "Messaging", "{2BB00425-ADDF-4FDB-81B8-48DBB04D6899}"
EndProject
Project("{FAE04EC0-301F-11D3-BF4B-00C04F79EFBC}") = "Messaging.Business", "src\modules\Messaging\Messaging.Business\Messaging.Business.csproj", "{F228E103-2ADF-477B-A668-CAA03E5E7CAF}"
EndProject
Project("{FAE04EC0-301F-11D3-BF4B-00C04F79EFBC}") = "Messaging.DataAccess", "src\modules\Messaging\Messaging.DataAccess\Messaging.DataAccess.csproj", "{0D1D065B-0187-49F7-9420-B6689E9D0832}"
EndProject
Project("{FAE04EC0-301F-11D3-BF4B-00C04F79EFBC}") = "Messaging.Entity", "src\modules\Messaging\Messaging.Entity\Messaging.Entity.csproj", "{65762E30-00B9-43BA-9296-C59A13A3C2BC}"
EndProject
Project("{2150E333-8FDC-42A3-9474-1A3956D46DE8}") = "Notifications", "Notifications", "{A9803295-2130-46CD-8481-DC1DCC614129}"
EndProject
Project("{FAE04EC0-301F-11D3-BF4B-00C04F79EFBC}") = "Notifications.Business", "src\modules\Notifications\Notifications.Business\Notifications.Business.csproj", "{51A12233-01C4-4BAA-AB80-FB72F6CAE7F9}"
EndProject
Project("{FAE04EC0-301F-11D3-BF4B-00C04F79EFBC}") = "Notifications.DataAccess", "src\modules\Notifications\Notifications.DataAccess\Notifications.DataAccess.csproj", "{2965C114-E102-48F3-B26A-8AADCE366473}"
EndProject
Project("{FAE04EC0-301F-11D3-BF4B-00C04F79EFBC}") = "Notifications.Entity", "src\modules\Notifications\Notifications.Entity\Notifications.Entity.csproj", "{362F8ECF-2B3B-4C01-A555-9F48ACEA86CC}"
EndProject
Project("{2150E333-8FDC-42A3-9474-1A3956D46DE8}") = "SearchAndFilter", "SearchAndFilter", "{FD94E518-E968-4035-8F4E-B9F14CF638EB}"
EndProject
Project("{FAE04EC0-301F-11D3-BF4B-00C04F79EFBC}") = "SearchAndFilter.Business", "src\modules\SearchAndFilter\SearchAndFilter.Business\SearchAndFilter.Business.csproj", "{6023EDB8-8CE8-43D3-BF2D-02208C3C285E}"
EndProject
Project("{FAE04EC0-301F-11D3-BF4B-00C04F79EFBC}") = "SearchAndFilter.DataAccess", "src\modules\SearchAndFilter\SearchAndFilter.DataAccess\SearchAndFilter.DataAccess.csproj", "{58AC3747-DDE7-485E-9F34-63390B162315}"
EndProject
Project("{FAE04EC0-301F-11D3-BF4B-00C04F79EFBC}") = "SearchAndFilter.Entity", "src\modules\SearchAndFilter\SearchAndFilter.Entity\SearchAndFilter.Entity.csproj", "{604173FC-BBDD-42AF-B530-EB2A36ADE84E}"
EndProject
Project("{2150E333-8FDC-42A3-9474-1A3956D46DE8}") = "UserManagement", "UserManagement", "{5925EA4B-D96B-4990-8D7E-F717124CE6AE}"
EndProject
Project("{FAE04EC0-301F-11D3-BF4B-00C04F79EFBC}") = "UserManagement.Business", "src\modules\UserManagement\UserManagement.Business\UserManagement.Business.csproj", "{BDC4B6C0-683C-417E-9F59-0725B724BD44}"
EndProject
Project("{FAE04EC0-301F-11D3-BF4B-00C04F79EFBC}") = "UserManagement.DataAccess", "src\modules\UserManagement\UserManagement.DataAccess\UserManagement.DataAccess.csproj", "{AB55EE50-9B0D-4063-9513-B0FB4DE2AEFE}"
EndProject
Project("{FAE04EC0-301F-11D3-BF4B-00C04F79EFBC}") = "UserManagement.Entity", "src\modules\UserManagement\UserManagement.Entity\UserManagement.Entity.csproj", "{95DBE70D-9B97-485C-9C4E-D1931D6FDF5E}"
EndProject
Project("{FAE04EC0-301F-11D3-BF4B-00C04F79EFBC}") = "API", "src\API\API.csproj", "{7F727DCC-90AA-46DC-9053-9864CEAE1726}"
EndProject
Project("{2150E333-8FDC-42A3-9474-1A3956D46DE8}") = "Shared", "Shared", "{FDA503E8-9190-4A82-A19B-F298CB31DC95}"
EndProject
Project("{FAE04EC0-301F-11D3-BF4B-00C04F79EFBC}") = "Core", "src\Core\Core.csproj", "{194A2B5E-8029-4CD8-A354-8EA4299324A9}"
EndProject
Project("{2150E333-8FDC-42A3-9474-1A3956D46DE8}") = "Solution Items", "Solution Items", "{56629DC4-F387-4E67-AA99-40AE841543AA}"
	ProjectSection(SolutionItems) = preProject
		.gitignore = .gitignore
	EndProjectSection
EndProject
Project("{2150E333-8FDC-42A3-9474-1A3956D46DE8}") = "Swap", "Swap", "{B35E43AA-CAFE-41E8-99B4-029E0A8AD8BD}"
EndProject
Project("{FAE04EC0-301F-11D3-BF4B-00C04F79EFBC}") = "Swap.Business", "src\modules\Swap\Swap.Business\Swap.Business.csproj", "{1B426DF1-4EE8-47AD-BD1D-001506772E32}"
EndProject
Project("{FAE04EC0-301F-11D3-BF4B-00C04F79EFBC}") = "Swap.DataAccess", "src\modules\Swap\Swap.DataAccess\Swap.DataAccess.csproj", "{6C63F01B-EC6E-4603-A9A6-B048381A9BEC}"
EndProject
Project("{FAE04EC0-301F-11D3-BF4B-00C04F79EFBC}") = "Swap.Entity", "src\modules\Swap\Swap.Entity\Swap.Entity.csproj", "{923BC194-DEC3-41E2-814F-327EF1C9AAC8}"
EndProject
Global
	GlobalSection(SolutionConfigurationPlatforms) = preSolution
		Debug|Any CPU = Debug|Any CPU
		Release|Any CPU = Release|Any CPU
	EndGlobalSection
	GlobalSection(ProjectConfigurationPlatforms) = postSolution
		{381C9CE2-3F6F-4C13-A3EC-FF59054C089B}.Debug|Any CPU.ActiveCfg = Debug|Any CPU
		{381C9CE2-3F6F-4C13-A3EC-FF59054C089B}.Debug|Any CPU.Build.0 = Debug|Any CPU
		{381C9CE2-3F6F-4C13-A3EC-FF59054C089B}.Release|Any CPU.ActiveCfg = Release|Any CPU
		{381C9CE2-3F6F-4C13-A3EC-FF59054C089B}.Release|Any CPU.Build.0 = Release|Any CPU
		{70E3B73E-B53B-41FE-9A95-C5758612930B}.Debug|Any CPU.ActiveCfg = Debug|Any CPU
		{70E3B73E-B53B-41FE-9A95-C5758612930B}.Debug|Any CPU.Build.0 = Debug|Any CPU
		{70E3B73E-B53B-41FE-9A95-C5758612930B}.Release|Any CPU.ActiveCfg = Release|Any CPU
		{70E3B73E-B53B-41FE-9A95-C5758612930B}.Release|Any CPU.Build.0 = Release|Any CPU
		{9E75F717-ADBE-41D8-8F1B-4DBE26119DA5}.Debug|Any CPU.ActiveCfg = Debug|Any CPU
		{9E75F717-ADBE-41D8-8F1B-4DBE26119DA5}.Debug|Any CPU.Build.0 = Debug|Any CPU
		{9E75F717-ADBE-41D8-8F1B-4DBE26119DA5}.Release|Any CPU.ActiveCfg = Release|Any CPU
		{9E75F717-ADBE-41D8-8F1B-4DBE26119DA5}.Release|Any CPU.Build.0 = Release|Any CPU
		{F228E103-2ADF-477B-A668-CAA03E5E7CAF}.Debug|Any CPU.ActiveCfg = Debug|Any CPU
		{F228E103-2ADF-477B-A668-CAA03E5E7CAF}.Debug|Any CPU.Build.0 = Debug|Any CPU
		{F228E103-2ADF-477B-A668-CAA03E5E7CAF}.Release|Any CPU.ActiveCfg = Release|Any CPU
		{F228E103-2ADF-477B-A668-CAA03E5E7CAF}.Release|Any CPU.Build.0 = Release|Any CPU
		{0D1D065B-0187-49F7-9420-B6689E9D0832}.Debug|Any CPU.ActiveCfg = Debug|Any CPU
		{0D1D065B-0187-49F7-9420-B6689E9D0832}.Debug|Any CPU.Build.0 = Debug|Any CPU
		{0D1D065B-0187-49F7-9420-B6689E9D0832}.Release|Any CPU.ActiveCfg = Release|Any CPU
		{0D1D065B-0187-49F7-9420-B6689E9D0832}.Release|Any CPU.Build.0 = Release|Any CPU
		{65762E30-00B9-43BA-9296-C59A13A3C2BC}.Debug|Any CPU.ActiveCfg = Debug|Any CPU
		{65762E30-00B9-43BA-9296-C59A13A3C2BC}.Debug|Any CPU.Build.0 = Debug|Any CPU
		{65762E30-00B9-43BA-9296-C59A13A3C2BC}.Release|Any CPU.ActiveCfg = Release|Any CPU
		{65762E30-00B9-43BA-9296-C59A13A3C2BC}.Release|Any CPU.Build.0 = Release|Any CPU
		{51A12233-01C4-4BAA-AB80-FB72F6CAE7F9}.Debug|Any CPU.ActiveCfg = Debug|Any CPU
		{51A12233-01C4-4BAA-AB80-FB72F6CAE7F9}.Debug|Any CPU.Build.0 = Debug|Any CPU
		{51A12233-01C4-4BAA-AB80-FB72F6CAE7F9}.Release|Any CPU.ActiveCfg = Release|Any CPU
		{51A12233-01C4-4BAA-AB80-FB72F6CAE7F9}.Release|Any CPU.Build.0 = Release|Any CPU
		{2965C114-E102-48F3-B26A-8AADCE366473}.Debug|Any CPU.ActiveCfg = Debug|Any CPU
		{2965C114-E102-48F3-B26A-8AADCE366473}.Debug|Any CPU.Build.0 = Debug|Any CPU
		{2965C114-E102-48F3-B26A-8AADCE366473}.Release|Any CPU.ActiveCfg = Release|Any CPU
		{2965C114-E102-48F3-B26A-8AADCE366473}.Release|Any CPU.Build.0 = Release|Any CPU
		{362F8ECF-2B3B-4C01-A555-9F48ACEA86CC}.Debug|Any CPU.ActiveCfg = Debug|Any CPU
		{362F8ECF-2B3B-4C01-A555-9F48ACEA86CC}.Debug|Any CPU.Build.0 = Debug|Any CPU
		{362F8ECF-2B3B-4C01-A555-9F48ACEA86CC}.Release|Any CPU.ActiveCfg = Release|Any CPU
		{362F8ECF-2B3B-4C01-A555-9F48ACEA86CC}.Release|Any CPU.Build.0 = Release|Any CPU
		{6023EDB8-8CE8-43D3-BF2D-02208C3C285E}.Debug|Any CPU.ActiveCfg = Debug|Any CPU
		{6023EDB8-8CE8-43D3-BF2D-02208C3C285E}.Debug|Any CPU.Build.0 = Debug|Any CPU
		{6023EDB8-8CE8-43D3-BF2D-02208C3C285E}.Release|Any CPU.ActiveCfg = Release|Any CPU
		{6023EDB8-8CE8-43D3-BF2D-02208C3C285E}.Release|Any CPU.Build.0 = Release|Any CPU
		{58AC3747-DDE7-485E-9F34-63390B162315}.Debug|Any CPU.ActiveCfg = Debug|Any CPU
		{58AC3747-DDE7-485E-9F34-63390B162315}.Debug|Any CPU.Build.0 = Debug|Any CPU
		{58AC3747-DDE7-485E-9F34-63390B162315}.Release|Any CPU.ActiveCfg = Release|Any CPU
		{58AC3747-DDE7-485E-9F34-63390B162315}.Release|Any CPU.Build.0 = Release|Any CPU
		{604173FC-BBDD-42AF-B530-EB2A36ADE84E}.Debug|Any CPU.ActiveCfg = Debug|Any CPU
		{604173FC-BBDD-42AF-B530-EB2A36ADE84E}.Debug|Any CPU.Build.0 = Debug|Any CPU
		{604173FC-BBDD-42AF-B530-EB2A36ADE84E}.Release|Any CPU.ActiveCfg = Release|Any CPU
		{604173FC-BBDD-42AF-B530-EB2A36ADE84E}.Release|Any CPU.Build.0 = Release|Any CPU
		{BDC4B6C0-683C-417E-9F59-0725B724BD44}.Debug|Any CPU.ActiveCfg = Debug|Any CPU
		{BDC4B6C0-683C-417E-9F59-0725B724BD44}.Debug|Any CPU.Build.0 = Debug|Any CPU
		{BDC4B6C0-683C-417E-9F59-0725B724BD44}.Release|Any CPU.ActiveCfg = Release|Any CPU
		{BDC4B6C0-683C-417E-9F59-0725B724BD44}.Release|Any CPU.Build.0 = Release|Any CPU
		{AB55EE50-9B0D-4063-9513-B0FB4DE2AEFE}.Debug|Any CPU.ActiveCfg = Debug|Any CPU
		{AB55EE50-9B0D-4063-9513-B0FB4DE2AEFE}.Debug|Any CPU.Build.0 = Debug|Any CPU
		{AB55EE50-9B0D-4063-9513-B0FB4DE2AEFE}.Release|Any CPU.ActiveCfg = Release|Any CPU
		{AB55EE50-9B0D-4063-9513-B0FB4DE2AEFE}.Release|Any CPU.Build.0 = Release|Any CPU
		{95DBE70D-9B97-485C-9C4E-D1931D6FDF5E}.Debug|Any CPU.ActiveCfg = Debug|Any CPU
		{95DBE70D-9B97-485C-9C4E-D1931D6FDF5E}.Debug|Any CPU.Build.0 = Debug|Any CPU
		{95DBE70D-9B97-485C-9C4E-D1931D6FDF5E}.Release|Any CPU.ActiveCfg = Release|Any CPU
		{95DBE70D-9B97-485C-9C4E-D1931D6FDF5E}.Release|Any CPU.Build.0 = Release|Any CPU
		{7F727DCC-90AA-46DC-9053-9864CEAE1726}.Debug|Any CPU.ActiveCfg = Debug|Any CPU
		{7F727DCC-90AA-46DC-9053-9864CEAE1726}.Debug|Any CPU.Build.0 = Debug|Any CPU
		{7F727DCC-90AA-46DC-9053-9864CEAE1726}.Release|Any CPU.ActiveCfg = Release|Any CPU
		{7F727DCC-90AA-46DC-9053-9864CEAE1726}.Release|Any CPU.Build.0 = Release|Any CPU
		{194A2B5E-8029-4CD8-A354-8EA4299324A9}.Debug|Any CPU.ActiveCfg = Debug|Any CPU
		{194A2B5E-8029-4CD8-A354-8EA4299324A9}.Debug|Any CPU.Build.0 = Debug|Any CPU
		{194A2B5E-8029-4CD8-A354-8EA4299324A9}.Release|Any CPU.ActiveCfg = Release|Any CPU
		{194A2B5E-8029-4CD8-A354-8EA4299324A9}.Release|Any CPU.Build.0 = Release|Any CPU
		{1B426DF1-4EE8-47AD-BD1D-001506772E32}.Debug|Any CPU.ActiveCfg = Debug|Any CPU
		{1B426DF1-4EE8-47AD-BD1D-001506772E32}.Debug|Any CPU.Build.0 = Debug|Any CPU
		{1B426DF1-4EE8-47AD-BD1D-001506772E32}.Release|Any CPU.ActiveCfg = Release|Any CPU
		{1B426DF1-4EE8-47AD-BD1D-001506772E32}.Release|Any CPU.Build.0 = Release|Any CPU
		{6C63F01B-EC6E-4603-A9A6-B048381A9BEC}.Debug|Any CPU.ActiveCfg = Debug|Any CPU
		{6C63F01B-EC6E-4603-A9A6-B048381A9BEC}.Debug|Any CPU.Build.0 = Debug|Any CPU
		{6C63F01B-EC6E-4603-A9A6-B048381A9BEC}.Release|Any CPU.ActiveCfg = Release|Any CPU
		{6C63F01B-EC6E-4603-A9A6-B048381A9BEC}.Release|Any CPU.Build.0 = Release|Any CPU
		{923BC194-DEC3-41E2-814F-327EF1C9AAC8}.Debug|Any CPU.ActiveCfg = Debug|Any CPU
		{923BC194-DEC3-41E2-814F-327EF1C9AAC8}.Debug|Any CPU.Build.0 = Debug|Any CPU
		{923BC194-DEC3-41E2-814F-327EF1C9AAC8}.Release|Any CPU.ActiveCfg = Release|Any CPU
		{923BC194-DEC3-41E2-814F-327EF1C9AAC8}.Release|Any CPU.Build.0 = Release|Any CPU
	EndGlobalSection
	GlobalSection(SolutionProperties) = preSolution
		HideSolutionNode = FALSE
	EndGlobalSection
	GlobalSection(NestedProjects) = preSolution
		{DB22FF76-7189-4E98-862A-0097E8D6AE85} = {53380C22-3F9B-4ACD-A7C2-CEFBA668DC6D}
		{BBBE13B1-7207-470D-956B-006D23431382} = {DB22FF76-7189-4E98-862A-0097E8D6AE85}
		{381C9CE2-3F6F-4C13-A3EC-FF59054C089B} = {BBBE13B1-7207-470D-956B-006D23431382}
		{70E3B73E-B53B-41FE-9A95-C5758612930B} = {BBBE13B1-7207-470D-956B-006D23431382}
		{9E75F717-ADBE-41D8-8F1B-4DBE26119DA5} = {BBBE13B1-7207-470D-956B-006D23431382}
		{2BB00425-ADDF-4FDB-81B8-48DBB04D6899} = {DB22FF76-7189-4E98-862A-0097E8D6AE85}
		{F228E103-2ADF-477B-A668-CAA03E5E7CAF} = {2BB00425-ADDF-4FDB-81B8-48DBB04D6899}
		{0D1D065B-0187-49F7-9420-B6689E9D0832} = {2BB00425-ADDF-4FDB-81B8-48DBB04D6899}
		{65762E30-00B9-43BA-9296-C59A13A3C2BC} = {2BB00425-ADDF-4FDB-81B8-48DBB04D6899}
		{A9803295-2130-46CD-8481-DC1DCC614129} = {DB22FF76-7189-4E98-862A-0097E8D6AE85}
		{51A12233-01C4-4BAA-AB80-FB72F6CAE7F9} = {A9803295-2130-46CD-8481-DC1DCC614129}
		{2965C114-E102-48F3-B26A-8AADCE366473} = {A9803295-2130-46CD-8481-DC1DCC614129}
		{362F8ECF-2B3B-4C01-A555-9F48ACEA86CC} = {A9803295-2130-46CD-8481-DC1DCC614129}
		{FD94E518-E968-4035-8F4E-B9F14CF638EB} = {DB22FF76-7189-4E98-862A-0097E8D6AE85}
		{6023EDB8-8CE8-43D3-BF2D-02208C3C285E} = {FD94E518-E968-4035-8F4E-B9F14CF638EB}
		{58AC3747-DDE7-485E-9F34-63390B162315} = {FD94E518-E968-4035-8F4E-B9F14CF638EB}
		{604173FC-BBDD-42AF-B530-EB2A36ADE84E} = {FD94E518-E968-4035-8F4E-B9F14CF638EB}
		{5925EA4B-D96B-4990-8D7E-F717124CE6AE} = {DB22FF76-7189-4E98-862A-0097E8D6AE85}
		{BDC4B6C0-683C-417E-9F59-0725B724BD44} = {5925EA4B-D96B-4990-8D7E-F717124CE6AE}
		{AB55EE50-9B0D-4063-9513-B0FB4DE2AEFE} = {5925EA4B-D96B-4990-8D7E-F717124CE6AE}
		{95DBE70D-9B97-485C-9C4E-D1931D6FDF5E} = {5925EA4B-D96B-4990-8D7E-F717124CE6AE}
		{7F727DCC-90AA-46DC-9053-9864CEAE1726} = {53380C22-3F9B-4ACD-A7C2-CEFBA668DC6D}
		{FDA503E8-9190-4A82-A19B-F298CB31DC95} = {53380C22-3F9B-4ACD-A7C2-CEFBA668DC6D}
		{194A2B5E-8029-4CD8-A354-8EA4299324A9} = {FDA503E8-9190-4A82-A19B-F298CB31DC95}
		{B35E43AA-CAFE-41E8-99B4-029E0A8AD8BD} = {DB22FF76-7189-4E98-862A-0097E8D6AE85}
		{1B426DF1-4EE8-47AD-BD1D-001506772E32} = {B35E43AA-CAFE-41E8-99B4-029E0A8AD8BD}
		{6C63F01B-EC6E-4603-A9A6-B048381A9BEC} = {B35E43AA-CAFE-41E8-99B4-029E0A8AD8BD}
		{923BC194-DEC3-41E2-814F-327EF1C9AAC8} = {B35E43AA-CAFE-41E8-99B4-029E0A8AD8BD}
	EndGlobalSection
	GlobalSection(ExtensibilityGlobals) = postSolution
		SolutionGuid = {3929195C-CF1F-4DE4-A597-EC8671B9004F}
	EndGlobalSection
EndGlobal
